{
  "nodes": {
    "nixpkgs": {
      "locked": {
        "lastModified": 1743583204,
        "narHash": "sha256-F7n4+KOIfWrwoQjXrL2wD9RhFYLs2/GGe/MQY1sSdlE=",
        "owner": "NixOS",
        "repo": "nixpkgs",
        "rev": "2c8d3f48d33929642c1c12cd243df4cc7d2ce434",
        "type": "github"
      },
      "original": {
        "owner": "NixOS",
        "ref": "nixos-unstable",
        "repo": "nixpkgs",
        "type": "github"
      }
    },
    "process-tracker-cli": {
      "inputs": {
        "nixpkgs": [
          "nixpkgs"
        ]
      },
      "locked": {
        "lastModified": 1743839732,
        "narHash": "sha256-+nuGfXnApGolBOSLFuojF56MtyXXagEss6tYIx1Czeo=",
        "owner": "mmuffins",
        "repo": "ProcessTrackerCLI",
        "rev": "3f31b84039e753e75b3e8ab64221304d7aa75bae",
        "type": "github"
      },
      "original": {
        "owner": "mmuffins",
        "repo": "ProcessTrackerCLI",
        "type": "github"
      }
    },
    "root": {
      "inputs": {
        "nixpkgs": "nixpkgs",
        "process-tracker-cli": "process-tracker-cli"
      }
    }
  },
  "root": "root",
  "version": 7
}
