{
  "nodes": {
    "nixpkgs": {
      "locked": {
        "lastModified": 1753939845,
        "narHash": "sha256-K2ViRJfdVGE8tpJejs8Qpvvejks1+A4GQej/lBk5y7I=",
        "owner": "NixOS",
        "repo": "nixpkgs",
        "rev": "94def634a20494ee057c76998843c015909d6311",
        "type": "github"
      },
      "original": {
        "owner": "NixOS",
        "ref": "nixos-unstable",
        "repo": "nixpkgs",
        "type": "github"
      }
    },
    "process-tracker-cli": {
      "inputs": {
        "nixpkgs": [
          "nixpkgs"
        ]
      },
      "locked": {
        "lastModified": 1754078588,
        "narHash": "sha256-hPeXwku62YI3Xr6gRHz3vFoC75H5T44xptL3XqRSPPo=",
        "owner": "mmuffins",
        "repo": "ProcessTrackerCLI",
        "rev": "943678c8498794a2dae8f21931a95ca4fa6748e9",
        "type": "github"
      },
      "original": {
        "owner": "mmuffins",
        "repo": "ProcessTrackerCLI",
        "type": "github"
      }
    },
    "root": {
      "inputs": {
        "nixpkgs": "nixpkgs",
        "process-tracker-cli": "process-tracker-cli"
      }
    }
  },
  "root": "root",
  "version": 7
}
