{
  "nodes": {
    "nixpkgs": {
      "locked": {
        "lastModified": 1762111121,
        "narHash": "sha256-4vhDuZ7OZaZmKKrnDpxLZZpGIJvAeMtK6FKLJYUtAdw=",
        "owner": "NixOS",
        "repo": "nixpkgs",
        "rev": "b3d51a0365f6695e7dd5cdf3e180604530ed33b4",
        "type": "github"
      },
      "original": {
        "owner": "NixOS",
        "ref": "nixos-unstable",
        "repo": "nixpkgs",
        "type": "github"
      }
    },
    "process-tracker-cli": {
      "inputs": {
        "nixpkgs": [
          "nixpkgs"
        ]
      },
      "locked": {
        "lastModified": 1762075095,
        "narHash": "sha256-eR+0sVtah8Qlt82KuKm0/ayY+YNGivYI2KSyngwBbuA=",
        "owner": "mmuffins",
        "repo": "ProcessTrackerCLI",
        "rev": "80229709bda10a92aadf1a9e92a6a3ac8c1e21ca",
        "type": "github"
      },
      "original": {
        "owner": "mmuffins",
        "repo": "ProcessTrackerCLI",
        "type": "github"
      }
    },
    "root": {
      "inputs": {
        "nixpkgs": "nixpkgs",
        "process-tracker-cli": "process-tracker-cli"
      }
    }
  },
  "root": "root",
  "version": 7
}
