
Microsoft Visual Studio Solution File, Format Version 12.00
# Visual Studio Version 17
VisualStudioVersion = 17.10.35122.118
MinimumVisualStudioVersion = 10.0.40219.1
Project("{9A19103F-16F7-4668-BE54-9A1E7A4F7556}") = "ProcessTrackerService.Core", "ProcessTrackerService.Core\ProcessTrackerService.Core.csproj", "{2109855C-9CCA-439A-9602-D1B182555392}"
EndProject
Project("{9A19103F-16F7-4668-BE54-9A1E7A4F7556}") = "ProcessTrackerService.Infrastructure", "ProcessTrackerService.Infrastructure\ProcessTrackerService.Infrastructure.csproj", "{CDEDF16F-9B82-48D9-BC03-248BF6D36F5D}"
EndProject
Project("{9A19103F-16F7-4668-BE54-9A1E7A4F7556}") = "ProcessTrackerService", "ProcessTrackerService\ProcessTrackerService.csproj", "{DEE12103-A5C8-4023-A0FE-1F2429D25864}"
EndProject
Global
	GlobalSection(SolutionConfigurationPlatforms) = preSolution
		Debug|Any CPU = Debug|Any CPU
		Release|Any CPU = Release|Any CPU
	EndGlobalSection
	GlobalSection(ProjectConfigurationPlatforms) = postSolution
		{2109855C-9CCA-439A-9602-D1B182555392}.Debug|Any CPU.ActiveCfg = Debug|Any CPU
		{2109855C-9CCA-439A-9602-D1B182555392}.Debug|Any CPU.Build.0 = Debug|Any CPU
		{2109855C-9CCA-439A-9602-D1B182555392}.Release|Any CPU.ActiveCfg = Release|Any CPU
		{2109855C-9CCA-439A-9602-D1B182555392}.Release|Any CPU.Build.0 = Release|Any CPU
		{CDEDF16F-9B82-48D9-BC03-248BF6D36F5D}.Debug|Any CPU.ActiveCfg = Debug|Any CPU
		{CDEDF16F-9B82-48D9-BC03-248BF6D36F5D}.Debug|Any CPU.Build.0 = Debug|Any CPU
		{CDEDF16F-9B82-48D9-BC03-248BF6D36F5D}.Release|Any CPU.ActiveCfg = Release|Any CPU
		{CDEDF16F-9B82-48D9-BC03-248BF6D36F5D}.Release|Any CPU.Build.0 = Release|Any CPU
		{DEE12103-A5C8-4023-A0FE-1F2429D25864}.Debug|Any CPU.ActiveCfg = Debug|Any CPU
		{DEE12103-A5C8-4023-A0FE-1F2429D25864}.Debug|Any CPU.Build.0 = Debug|Any CPU
		{DEE12103-A5C8-4023-A0FE-1F2429D25864}.Release|Any CPU.ActiveCfg = Release|Any CPU
		{DEE12103-A5C8-4023-A0FE-1F2429D25864}.Release|Any CPU.Build.0 = Release|Any CPU
	EndGlobalSection
	GlobalSection(SolutionProperties) = preSolution
		HideSolutionNode = FALSE
	EndGlobalSection
	GlobalSection(ExtensibilityGlobals) = postSolution
		SolutionGuid = {A92BE250-C260-4FBC-8FF2-25C9E242D2E2}
	EndGlobalSection
EndGlobal
